
Microsoft Visual Studio Solution File, Format Version 12.00
# Visual Studio Version 16
VisualStudioVersion = 16.0.808.6
MinimumVisualStudioVersion = 10.0.40219.1
Project("{FAE04EC0-301F-11D3-BF4B-00C04F79EFBC}") = "CSharpVariables", "CSharpVariables.csproj", "{2F467D77-82C2-42D0-8855-E3E10D4F404C}"
EndProject
Global
	GlobalSection(SolutionConfigurationPlatforms) = preSolution
		Debug|Any CPU = Debug|Any CPU
		Release|Any CPU = Release|Any CPU
	EndGlobalSection
	GlobalSection(ProjectConfigurationPlatforms) = postSolution
		{2F467D77-82C2-42D0-8855-E3E10D4F404C}.Debug|Any CPU.ActiveCfg = Debug|Any CPU
		{2F467D77-82C2-42D0-8855-E3E10D4F404C}.Debug|Any CPU.Build.0 = Debug|Any CPU
		{2F467D77-82C2-42D0-8855-E3E10D4F404C}.Release|Any CPU.ActiveCfg = Release|Any CPU
		{2F467D77-82C2-42D0-8855-E3E10D4F404C}.Release|Any CPU.Build.0 = Release|Any CPU
	EndGlobalSection
	GlobalSection(SolutionProperties) = preSolution
		HideSolutionNode = FALSE
	EndGlobalSection
	GlobalSection(ExtensibilityGlobals) = postSolution
		SolutionGuid = {595210A3-D208-47E6-A7DB-F33D1F644A87}
	EndGlobalSection
EndGlobal
